
Microsoft Visual Studio Solution File, Format Version 12.00
# Visual Studio Version 17
VisualStudioVersion = 17.0.31903.59
MinimumVisualStudioVersion = 10.0.40219.1
Project("{2150E333-8FDC-42A3-9474-1A3956D46DE8}") = "src", "src", "{60E591CD-3E37-4A13-B0D2-7450EC7061D0}"
EndProject
Project("{FAE04EC0-301F-11D3-BF4B-00C04F79EFBC}") = "VendingMachineApp", "src\VendingMachineApp\VendingMachineApp.csproj", "{3A512192-ECFE-40F6-8627-33B40EC5C17C}"
EndProject
Project("{FAE04EC0-301F-11D3-BF4B-00C04F79EFBC}") = "VendingMachineDriver", "src\VendingMachineDriver\VendingMachineDriver.csproj", "{5E93B19F-82FE-411B-BE83-1247FDD7A0E9}"
EndProject
Project("{2150E333-8FDC-42A3-9474-1A3956D46DE8}") = "tests", "tests", "{AC890F46-5C09-4F44-9558-775C35AAEA14}"
EndProject
Project("{FAE04EC0-301F-11D3-BF4B-00C04F79EFBC}") = "VendingMachineTests", "tests\VendingMachine.Tests\VendingMachineTests.csproj", "{9490D0C5-DA13-4688-878A-00E72596F458}"
EndProject
Global
	GlobalSection(SolutionConfigurationPlatforms) = preSolution
		Debug|Any CPU = Debug|Any CPU
		Release|Any CPU = Release|Any CPU
	EndGlobalSection
	GlobalSection(SolutionProperties) = preSolution
		HideSolutionNode = FALSE
	EndGlobalSection
	GlobalSection(ProjectConfigurationPlatforms) = postSolution
		{3A512192-ECFE-40F6-8627-33B40EC5C17C}.Debug|Any CPU.ActiveCfg = Debug|Any CPU
		{3A512192-ECFE-40F6-8627-33B40EC5C17C}.Debug|Any CPU.Build.0 = Debug|Any CPU
		{3A512192-ECFE-40F6-8627-33B40EC5C17C}.Release|Any CPU.ActiveCfg = Release|Any CPU
		{3A512192-ECFE-40F6-8627-33B40EC5C17C}.Release|Any CPU.Build.0 = Release|Any CPU
		{5E93B19F-82FE-411B-BE83-1247FDD7A0E9}.Debug|Any CPU.ActiveCfg = Debug|Any CPU
		{5E93B19F-82FE-411B-BE83-1247FDD7A0E9}.Debug|Any CPU.Build.0 = Debug|Any CPU
		{5E93B19F-82FE-411B-BE83-1247FDD7A0E9}.Release|Any CPU.ActiveCfg = Release|Any CPU
		{5E93B19F-82FE-411B-BE83-1247FDD7A0E9}.Release|Any CPU.Build.0 = Release|Any CPU
		{9490D0C5-DA13-4688-878A-00E72596F458}.Debug|Any CPU.ActiveCfg = Debug|Any CPU
		{9490D0C5-DA13-4688-878A-00E72596F458}.Debug|Any CPU.Build.0 = Debug|Any CPU
		{9490D0C5-DA13-4688-878A-00E72596F458}.Release|Any CPU.ActiveCfg = Release|Any CPU
		{9490D0C5-DA13-4688-878A-00E72596F458}.Release|Any CPU.Build.0 = Release|Any CPU
	EndGlobalSection
	GlobalSection(NestedProjects) = preSolution
		{3A512192-ECFE-40F6-8627-33B40EC5C17C} = {60E591CD-3E37-4A13-B0D2-7450EC7061D0}
		{5E93B19F-82FE-411B-BE83-1247FDD7A0E9} = {60E591CD-3E37-4A13-B0D2-7450EC7061D0}
		{9490D0C5-DA13-4688-878A-00E72596F458} = {AC890F46-5C09-4F44-9558-775C35AAEA14}
	EndGlobalSection
EndGlobal
